
Microsoft Visual Studio Solution File, Format Version 12.00
# Visual Studio Version 17
VisualStudioVersion = 17.8.34525.116
MinimumVisualStudioVersion = 10.0.40219.1
Project("{FAE04EC0-301F-11D3-BF4B-00C04F79EFBC}") = "ConsoleAppTeste", "ConsoleAppTeste\ConsoleAppTeste.csproj", "{37D1D4C1-CD6B-4FFA-9911-4AE00A107C5B}"
EndProject
Global
	GlobalSection(SolutionConfigurationPlatforms) = preSolution
		Debug|Any CPU = Debug|Any CPU
		Release|Any CPU = Release|Any CPU
	EndGlobalSection
	GlobalSection(ProjectConfigurationPlatforms) = postSolution
		{37D1D4C1-CD6B-4FFA-9911-4AE00A107C5B}.Debug|Any CPU.ActiveCfg = Debug|Any CPU
		{37D1D4C1-CD6B-4FFA-9911-4AE00A107C5B}.Debug|Any CPU.Build.0 = Debug|Any CPU
		{37D1D4C1-CD6B-4FFA-9911-4AE00A107C5B}.Release|Any CPU.ActiveCfg = Release|Any CPU
		{37D1D4C1-CD6B-4FFA-9911-4AE00A107C5B}.Release|Any CPU.Build.0 = Release|Any CPU
	EndGlobalSection
	GlobalSection(SolutionProperties) = preSolution
		HideSolutionNode = FALSE
	EndGlobalSection
	GlobalSection(ExtensibilityGlobals) = postSolution
		SolutionGuid = {C6018691-C88A-4201-A538-3E3A95C61E0B}
	EndGlobalSection
EndGlobal
